{
  "name": "covid_dashboard",
  "lockfileVersion": 3,
  "requires": true,
  "packages": {
    "": {
      "dependencies": {
        "@svg-country-maps/italy": "^1.0.3"
      }
    },
    "node_modules/@svg-country-maps/italy": {
      "version": "1.0.3",
      "resolved": "https://registry.npmjs.org/@svg-country-maps/italy/-/italy-1.0.3.tgz",
      "integrity": "sha512-Gz2J4xn0rCca4JhRIdDripk0WyWCMlmW8Hseuq/lHVAIrZNSWP5ROgqHdJA3xS0tPHd4twnGHAeYKWtDfZfAEQ=="
    }
  }
}
